{
  "name": "MMM-Test",
  "version": "0.5",
  "lockfileVersion": 3,
  "requires": true,
  "packages": {
    "": {
      "name": "MMM-Test",
      "version": "0.5",
      "license": "MIT",
      "dependencies": {
        "dotenv": "^16.4.7"
      }
    },
    "node_modules/dotenv": {
      "version": "16.4.7",
      "license": "BSD-2-Clause",
      "engines": {
        "node": ">=12"
      },
      "funding": {
        "url": "https://dotenvx.com"
      }
    }
  }
}
